
Microsoft Visual Studio Solution File, Format Version 12.00
# Visual Studio Version 16
VisualStudioVersion = 16.0.30717.126
MinimumVisualStudioVersion = 10.0.40219.1
Project("{FAE04EC0-301F-11D3-BF4B-00C04F79EFBC}") = "FileParsing", "FileParsing\FileParsing.csproj", "{A2AAA9BA-FE5E-4F65-9B8C-E36B605ACA0A}"
EndProject
Global
	GlobalSection(SolutionConfigurationPlatforms) = preSolution
		Debug|Any CPU = Debug|Any CPU
		Release|Any CPU = Release|Any CPU
	EndGlobalSection
	GlobalSection(ProjectConfigurationPlatforms) = postSolution
		{A2AAA9BA-FE5E-4F65-9B8C-E36B605ACA0A}.Debug|Any CPU.ActiveCfg = Debug|Any CPU
		{A2AAA9BA-FE5E-4F65-9B8C-E36B605ACA0A}.Debug|Any CPU.Build.0 = Debug|Any CPU
		{A2AAA9BA-FE5E-4F65-9B8C-E36B605ACA0A}.Release|Any CPU.ActiveCfg = Release|Any CPU
		{A2AAA9BA-FE5E-4F65-9B8C-E36B605ACA0A}.Release|Any CPU.Build.0 = Release|Any CPU
	EndGlobalSection
	GlobalSection(SolutionProperties) = preSolution
		HideSolutionNode = FALSE
	EndGlobalSection
	GlobalSection(ExtensibilityGlobals) = postSolution
		SolutionGuid = {BF90C63C-3B6F-42BB-8B83-4820EC3284BB}
	EndGlobalSection
EndGlobal
